
Microsoft Visual Studio Solution File, Format Version 12.00
# Visual Studio 2013
VisualStudioVersion = 12.0.31101.0
MinimumVisualStudioVersion = 10.0.40219.1
Project("{FAE04EC0-301F-11D3-BF4B-00C04F79EFBC}") = "ConfigurationByJson.Console", "ConfigurationByJson.Console\ConfigurationByJson.Console.csproj", "{3C66C604-4A4F-4CF0-88D2-F21DDBB558F5}"
EndProject
Project("{FAE04EC0-301F-11D3-BF4B-00C04F79EFBC}") = "ConfigurationByJson.DAL", "ConfigurationByJson.DAL\ConfigurationByJson.DAL.csproj", "{27A7E01E-053C-4317-8727-D6579D80D5A8}"
EndProject
Global
	GlobalSection(SolutionConfigurationPlatforms) = preSolution
		Debug|Any CPU = Debug|Any CPU
		Release|Any CPU = Release|Any CPU
	EndGlobalSection
	GlobalSection(ProjectConfigurationPlatforms) = postSolution
		{3C66C604-4A4F-4CF0-88D2-F21DDBB558F5}.Debug|Any CPU.ActiveCfg = Debug|Any CPU
		{3C66C604-4A4F-4CF0-88D2-F21DDBB558F5}.Debug|Any CPU.Build.0 = Debug|Any CPU
		{3C66C604-4A4F-4CF0-88D2-F21DDBB558F5}.Release|Any CPU.ActiveCfg = Release|Any CPU
		{3C66C604-4A4F-4CF0-88D2-F21DDBB558F5}.Release|Any CPU.Build.0 = Release|Any CPU
		{27A7E01E-053C-4317-8727-D6579D80D5A8}.Debug|Any CPU.ActiveCfg = Debug|Any CPU
		{27A7E01E-053C-4317-8727-D6579D80D5A8}.Debug|Any CPU.Build.0 = Debug|Any CPU
		{27A7E01E-053C-4317-8727-D6579D80D5A8}.Release|Any CPU.ActiveCfg = Release|Any CPU
		{27A7E01E-053C-4317-8727-D6579D80D5A8}.Release|Any CPU.Build.0 = Release|Any CPU
	EndGlobalSection
	GlobalSection(SolutionProperties) = preSolution
		HideSolutionNode = FALSE
	EndGlobalSection
EndGlobal
